name: sj
channels:
  - conda-forge
dependencies:
  - _openmp_mutex=4.5
  - aiohappyeyeballs=2.6.1
  - aiohttp=3.13.5
  - aiosignal=1.4.0
  - attrs=26.1.0
  - backports.zstd=1.3.0
  - brotli=1.2.0
  - brotli-bin=1.2.0
  - brotli-python=1.2.0
  - bzip2=1.0.8
  - ca-certificates=2026.4.22
  - cairo=1.18.4
  - certifi=2026.4.22
  - charset-normalizer=3.4.7
  - contourpy=1.3.3
  - cpython=3.11.15
  - cuda-crt-tools=13.2.78
  - cuda-cudart=13.2.75
  - cuda-cudart_linux-64=13.2.75
  - cuda-cuobjdump=13.2.78
  - cuda-cupti=13.2.75
  - cuda-nvcc-tools=13.2.78
  - cuda-nvdisasm=13.2.78
  - cuda-nvrtc=13.2.78
  - cuda-nvtx=13.2.75
  - cuda-nvvm-tools=13.2.78
  - cuda-version=13.2
  - cycler=0.12.1
  - cyrus-sasl=2.1.28
  - eigen-abi=3.4.0.100
  - filelock=3.29.0
  - fmt=12.1.0
  - font-ttf-dejavu-sans-mono=2.37
  - font-ttf-inconsolata=3.000
  - font-ttf-source-code-pro=2.038
  - font-ttf-ubuntu=0.83
  - fontconfig=2.17.1
  - fonts-conda-ecosystem=1
  - fonts-conda-forge=1
  - fonttools=4.62.1
  - freetype=2.14.3
  - freetype-py=2.3.0
  - frozenlist=1.7.0
  - fsspec=2026.3.0
  - gmp=6.3.0
  - gmpy2=2.3.0
  - greenlet=3.4.0
  - h2=4.3.0
  - hpack=4.1.0
  - hyperframe=6.1.0
  - icu=78.3
  - idna=3.13
  - jinja2=3.1.6
  - joblib=1.5.3
  - keyutils=1.6.3
  - kiwisolver=1.5.0
  - krb5=1.22.2
  - lcms2=2.18
  - ld_impl_linux-64=2.45.1
  - lerc=4.1.0
  - libabseil=20260107.1
  - libblas=3.11.0
  - libboost=1.90.0
  - libboost-python=1.90.0
  - libbrotlicommon=1.2.0
  - libbrotlidec=1.2.0
  - libbrotlienc=1.2.0
  - libcap=2.77
  - libcblas=3.11.0
  - libcublas=13.4.0.1
  - libcudnn=9.21.1.3
  - libcudss=0.7.1.4
  - libcufft=12.2.0.46
  - libcufile=1.17.1.22
  - libcurand=10.4.2.55
  - libcusolver=12.2.0.1
  - libcusparse=12.7.10.1
  - libdeflate=1.25
  - libedit=3.1.20250104
  - libexpat=2.7.5
  - libffi=3.5.2
  - libfreetype=2.14.3
  - libfreetype6=2.14.3
  - libgcc=15.2.0
  - libgcc-ng=15.2.0
  - libgfortran=15.2.0
  - libgfortran5=15.2.0
  - libglib=2.86.4
  - libhwloc=2.12.2
  - libiconv=1.18
  - libjpeg-turbo=3.1.4.1
  - liblapack=3.11.0
  - liblzma=5.8.3
  - libmagma=2.9.0
  - libnl=3.11.0
  - libnsl=2.0.1
  - libntlm=1.8
  - libnvjitlink=13.2.78
  - libpng=1.6.58
  - libpq=18.3
  - libprotobuf=6.33.5
  - librdkit=2026.03.1
  - libsqlite=3.53.0
  - libstdcxx=15.2.0
  - libstdcxx-ng=15.2.0
  - libsystemd0=260.1
  - libtiff=4.7.1
  - libtorch=2.10.0
  - libudev1=260.1
  - libuuid=2.42
  - libuv=1.51.0
  - libwebp-base=1.6.0
  - libxcb=1.17.0
  - libxcrypt=4.4.36
  - libxml2=2.15.3
  - libxml2-16=2.15.3
  - libzlib=1.3.2
  - llvm-openmp=22.1.4
  - markupsafe=3.0.3
  - matplotlib-base=3.10.9
  - mkl=2025.3.1
  - mpc=1.4.0
  - mpfr=4.2.2
  - mpmath=1.3.0
  - multidict=6.7.1
  - munkres=1.1.4
  - nccl=2.30.3.1
  - ncurses=6.5
  - networkx=3.6.1
  - numpy=2.4.3
  - onemkl-license=2025.3.1
  - openjpeg=2.5.4
  - openldap=2.6.13
  - openssl=3.6.2
  - optree=0.19.0
  - packaging=26.2
  - pandas=3.0.2
  - pcre2=10.47
  - pillow=12.2.0
  - pip=26.0.1
  - pixman=0.46.4
  - propcache=0.3.1
  - psutil=7.2.2
  - pthread-stubs=0.4
  - pybind11=3.0.1
  - pybind11-abi=11
  - pybind11-global=3.0.1
  - pycairo=1.29.0
  - pyparsing=3.3.2
  - pysocks=1.7.1
  - python=3.11.15
  - python-dateutil=2.9.0.post0
  - python-xxhash=3.6.0
  - python_abi=3.11
  - pytorch=2.10.0
  - pytorch_geometric=2.7.0
  - qhull=2020.2
  - rdkit=2026.03.1
  - rdma-core=61.0
  - readline=8.3
  - reportlab=4.4.10
  - requests=2.33.1
  - rlpycairo=0.4.0
  - scikit-learn=1.8.0
  - scipy=1.17.1
  - setuptools=82.0.1
  - six=1.17.0
  - sleef=3.9.0
  - sqlalchemy=2.0.49
  - sympy=1.14.0
  - tbb=2022.3.0
  - threadpoolctl=3.6.0
  - tk=8.6.13
  - tqdm=4.67.3
  - triton=3.6.0
  - typing-extensions=4.15.0
  - typing_extensions=4.15.0
  - tzdata=2025c
  - unicodedata2=17.0.1
  - urllib3=2.6.3
  - wheel=0.47.0
  - xorg-libice=1.1.2
  - xorg-libsm=1.2.6
  - xorg-libx11=1.8.13
  - xorg-libxau=1.0.12
  - xorg-libxdmcp=1.1.5
  - xorg-libxext=1.3.7
  - xorg-libxrender=0.9.12
  - xxhash=0.8.3
  - yarl=1.23.0
  - zlib-ng=2.3.3
  - zstd=1.5.7

